// !$*UTF8*$!
{
	archiveVersion = 1;
	classes = {
	};
	objectVersion = 46;
	objects = {

/* Begin PBXBuildFile section */
		4045A7891ABCA5CD000A02BB /* AppDelegate.swift in Sources */ = {isa = PBXBuildFile; fileRef = 4045A7881ABCA5CD000A02BB /* AppDelegate.swift */; };
		4045A78B1ABCA5CD000A02BB /* FirstViewController.swift in Sources */ = {isa = PBXBuildFile; fileRef = 4045A78A1ABCA5CD000A02BB /* FirstViewController.swift */; };
		4045A78D1ABCA5CD000A02BB /* SecondViewController.swift in Sources */ = {isa = PBXBuildFile; fileRef = 4045A78C1ABCA5CD000A02BB /* SecondViewController.swift */; };
		4045A7901ABCA5CD000A02BB /* Main.storyboard in Resources */ = {isa = PBXBuildFile; fileRef = 4045A78E1ABCA5CD000A02BB /* Main.storyboard */; };
		4045A7921ABCA5CE000A02BB /* Images.xcassets in Resources */ = {isa = PBXBuildFile; fileRef = 4045A7911ABCA5CE000A02BB /* Images.xcassets */; };
		4045A7951ABCA5CE000A02BB /* LaunchScreen.xib in Resources */ = {isa = PBXBuildFile; fileRef = 4045A7931ABCA5CE000A02BB /* LaunchScreen.xib */; };
		4045A7A11ABCA5CE000A02BB /* UTA_ParkTests.swift in Sources */ = {isa = PBXBuildFile; fileRef = 4045A7A01ABCA5CE000A02BB /* UTA_ParkTests.swift */; };
/* End PBXBuildFile section */

/* Begin PBXContainerItemProxy section */
		4045A79B1ABCA5CE000A02BB /* PBXContainerItemProxy */ = {
			isa = PBXContainerItemProxy;
			containerPortal = 4045A77B1ABCA5CD000A02BB /* Project object */;
			proxyType = 1;
			remoteGlobalIDString = 4045A7821ABCA5CD000A02BB;
			remoteInfo = "UTA-Park";
		};
/* End PBXContainerItemProxy section */

/* Begin PBXFileReference section */
		4045A7831ABCA5CD000A02BB /* UTA-Park.app */ = {isa = PBXFileReference; explicitFileType = wrapper.application; includeInIndex = 0; path = "UTA-Park.app"; sourceTree = BUILT_PRODUCTS_DIR; };
		4045A7871ABCA5CD000A02BB /* Info.plist */ = {isa = PBXFileReference; lastKnownFileType = text.plist.xml; path = Info.plist; sourceTree = "<group>"; };
		4045A7881ABCA5CD000A02BB /* AppDelegate.swift */ = {isa = PBXFileReference; lastKnownFileType = sourcecode.swift; path = AppDelegate.swift; sourceTree = "<group>"; };
		4045A78A1ABCA5CD000A02BB /* FirstViewController.swift */ = {isa = PBXFileReference; lastKnownFileType = sourcecode.swift; path = FirstViewController.swift; sourceTree = "<group>"; };
		4045A78C1ABCA5CD000A02BB /* SecondViewController.swift */ = {isa = PBXFileReference; lastKnownFileType = sourcecode.swift; path = SecondViewController.swift; sourceTree = "<group>"; };
		4045A78F1ABCA5CD000A02BB /* Base */ = {isa = PBXFileReference; lastKnownFileType = file.storyboard; name = Base; path = Base.lproj/Main.storyboard; sourceTree = "<group>"; };
		4045A7911ABCA5CE000A02BB /* Images.xcassets */ = {isa = PBXFileReference; lastKnownFileType = folder.assetcatalog; path = Images.xcassets; sourceTree = "<group>"; };
		4045A7941ABCA5CE000A02BB /* Base */ = {isa = PBXFileReference; lastKnownFileType = file.xib; name = Base; path = Base.lproj/LaunchScreen.xib; sourceTree = "<group>"; };
		4045A79A1ABCA5CE000A02BB /* UTA-ParkTests.xctest */ = {isa = PBXFileReference; explicitFileType = wrapper.cfbundle; includeInIndex = 0; path = "UTA-ParkTests.xctest"; sourceTree = BUILT_PRODUCTS_DIR; };
		4045A79F1ABCA5CE000A02BB /* Info.plist */ = {isa = PBXFileReference; lastKnownFileType = text.plist.xml; path = Info.plist; sourceTree = "<group>"; };
		4045A7A01ABCA5CE000A02BB /* UTA_ParkTests.swift */ = {isa = PBXFileReference; lastKnownFileType = sourcecode.swift; path = UTA_ParkTests.swift; sourceTree = "<group>"; };
/* End PBXFileReference section */

/* Begin PBXFrameworksBuildPhase section */
		4045A7801ABCA5CD000A02BB /* Frameworks */ = {
			isa = PBXFrameworksBuildPhase;
			buildActionMask = 2147483647;
			files = (
			);
			runOnlyForDeploymentPostprocessing = 0;
		};
		4045A7971ABCA5CE000A02BB /* Frameworks */ = {
			isa = PBXFrameworksBuildPhase;
			buildActionMask = 2147483647;
			files = (
			);
			runOnlyForDeploymentPostprocessing = 0;
		};
/* End PBXFrameworksBuildPhase section */

/* Begin PBXGroup section */
		4045A77A1ABCA5CD000A02BB = {
			isa = PBXGroup;
			children = (
				4045A7851ABCA5CD000A02BB /* UTA-Park */,
				4045A79D1ABCA5CE000A02BB /* UTA-ParkTests */,
				4045A7841ABCA5CD000A02BB /* Products */,
			);
			sourceTree = "<group>";
		};
		4045A7841ABCA5CD000A02BB /* Products */ = {
			isa = PBXGroup;
			children = (
				4045A7831ABCA5CD000A02BB /* UTA-Park.app */,
				4045A79A1ABCA5CE000A02BB /* UTA-ParkTests.xctest */,
			);
			name = Products;
			sourceTree = "<group>";
		};
		4045A7851ABCA5CD000A02BB /* UTA-Park */ = {
			isa = PBXGroup;
			children = (
				4045A7881ABCA5CD000A02BB /* AppDelegate.swift */,
				4045A78A1ABCA5CD000A02BB /* FirstViewController.swift */,
				4045A78C1ABCA5CD000A02BB /* SecondViewController.swift */,
				4045A78E1ABCA5CD000A02BB /* Main.storyboard */,
				4045A7911ABCA5CE000A02BB /* Images.xcassets */,
				4045A7931ABCA5CE000A02BB /* LaunchScreen.xib */,
				4045A7861ABCA5CD000A02BB /* Supporting Files */,
			);
			path = "UTA-Park";
			sourceTree = "<group>";
		};
		4045A7861ABCA5CD000A02BB /* Supporting Files */ = {
			isa = PBXGroup;
			children = (
				4045A7871ABCA5CD000A02BB /* Info.plist */,
			);
			name = "Supporting Files";
			sourceTree = "<group>";
		};
		4045A79D1ABCA5CE000A02BB /* UTA-ParkTests */ = {
			isa = PBXGroup;
			children = (
				4045A7A01ABCA5CE000A02BB /* UTA_ParkTests.swift */,
				4045A79E1ABCA5CE000A02BB /* Supporting Files */,
			);
			path = "UTA-ParkTests";
			sourceTree = "<group>";
		};
		4045A79E1ABCA5CE000A02BB /* Supporting Files */ = {
			isa = PBXGroup;
			children = (
				4045A79F1ABCA5CE000A02BB /* Info.plist */,
			);
			name = "Supporting Files";
			sourceTree = "<group>";
		};
/* End PBXGroup section */

/* Begin PBXNativeTarget section */
		4045A7821ABCA5CD000A02BB /* UTA-Park */ = {
			isa = PBXNativeTarget;
			buildConfigurationList = 4045A7A41ABCA5CE000A02BB /* Build configuration list for PBXNativeTarget "UTA-Park" */;
			buildPhases = (
				4045A77F1ABCA5CD000A02BB /* Sources */,
				4045A7801ABCA5CD000A02BB /* Frameworks */,
				4045A7811ABCA5CD000A02BB /* Resources */,
			);
			buildRules = (
			);
			dependencies = (
			);
			name = "UTA-Park";
			productName = "UTA-Park";
			productReference = 4045A7831ABCA5CD000A02BB /* UTA-Park.app */;
			productType = "com.apple.product-type.application";
		};
		4045A7991ABCA5CE000A02BB /* UTA-ParkTests */ = {
			isa = PBXNativeTarget;
			buildConfigurationList = 4045A7A71ABCA5CE000A02BB /* Build configuration list for PBXNativeTarget "UTA-ParkTests" */;
			buildPhases = (
				4045A7961ABCA5CE000A02BB /* Sources */,
				4045A7971ABCA5CE000A02BB /* Frameworks */,
				4045A7981ABCA5CE000A02BB /* Resources */,
			);
			buildRules = (
			);
			dependencies = (
				4045A79C1ABCA5CE000A02BB /* PBXTargetDependency */,
			);
			name = "UTA-ParkTests";
			productName = "UTA-ParkTests";
			productReference = 4045A79A1ABCA5CE000A02BB /* UTA-ParkTests.xctest */;
			productType = "com.apple.product-type.bundle.unit-test";
		};
/* End PBXNativeTarget section */

/* Begin PBXProject section */
		4045A77B1ABCA5CD000A02BB /* Project object */ = {
			isa = PBXProject;
			attributes = {
				LastUpgradeCheck = 0620;
				ORGANIZATIONNAME = Mobi;
				TargetAttributes = {
					4045A7821ABCA5CD000A02BB = {
						CreatedOnToolsVersion = 6.2;
					};
					4045A7991ABCA5CE000A02BB = {
						CreatedOnToolsVersion = 6.2;
						TestTargetID = 4045A7821ABCA5CD000A02BB;
					};
				};
			};
			buildConfigurationList = 4045A77E1ABCA5CD000A02BB /* Build configuration list for PBXProject "UTA-Park" */;
			compatibilityVersion = "Xcode 3.2";
			developmentRegion = English;
			hasScannedForEncodings = 0;
			knownRegions = (
				en,
				Base,
			);
			mainGroup = 4045A77A1ABCA5CD000A02BB;
			productRefGroup = 4045A7841ABCA5CD000A02BB /* Products */;
			projectDirPath = "";
			projectRoot = "";
			targets = (
				4045A7821ABCA5CD000A02BB /* UTA-Park */,
				4045A7991ABCA5CE000A02BB /* UTA-ParkTests */,
			);
		};
/* End PBXProject section */

/* Begin PBXResourcesBuildPhase section */
		4045A7811ABCA5CD000A02BB /* Resources */ = {
			isa = PBXResourcesBuildPhase;
			buildActionMask = 2147483647;
			files = (
				4045A7901ABCA5CD000A02BB /* Main.storyboard in Resources */,
				4045A7951ABCA5CE000A02BB /* LaunchScreen.xib in Resources */,
				4045A7921ABCA5CE000A02BB /* Images.xcassets in Resources */,
			);
			runOnlyForDeploymentPostprocessing = 0;
		};
		4045A7981ABCA5CE000A02BB /* Resources */ = {
			isa = PBXResourcesBuildPhase;
			buildActionMask = 2147483647;
			files = (
			);
			runOnlyForDeploymentPostprocessing = 0;
		};
/* End PBXResourcesBuildPhase section */

/* Begin PBXSourcesBuildPhase section */
		4045A77F1ABCA5CD000A02BB /* Sources */ = {
			isa = PBXSourcesBuildPhase;
			buildActionMask = 2147483647;
			files = (
				4045A78D1ABCA5CD000A02BB /* SecondViewController.swift in Sources */,
				4045A7891ABCA5CD000A02BB /* AppDelegate.swift in Sources */,
				4045A78B1ABCA5CD000A02BB /* FirstViewController.swift in Sources */,
			);
			runOnlyForDeploymentPostprocessing = 0;
		};
		4045A7961ABCA5CE000A02BB /* Sources */ = {
			isa = PBXSourcesBuildPhase;
			buildActionMask = 2147483647;
			files = (
				4045A7A11ABCA5CE000A02BB /* UTA_ParkTests.swift in Sources */,
			);
			runOnlyForDeploymentPostprocessing = 0;
		};
/* End PBXSourcesBuildPhase section */

/* Begin PBXTargetDependency section */
		4045A79C1ABCA5CE000A02BB /* PBXTargetDependency */ = {
			isa = PBXTargetDependency;
			target = 4045A7821ABCA5CD000A02BB /* UTA-Park */;
			targetProxy = 4045A79B1ABCA5CE000A02BB /* PBXContainerItemProxy */;
		};
/* End PBXTargetDependency section */

/* Begin PBXVariantGroup section */
		4045A78E1ABCA5CD000A02BB /* Main.storyboard */ = {
			isa = PBXVariantGroup;
			children = (
				4045A78F1ABCA5CD000A02BB /* Base */,
			);
			name = Main.storyboard;
			sourceTree = "<group>";
		};
		4045A7931ABCA5CE000A02BB /* LaunchScreen.xib */ = {
			isa = PBXVariantGroup;
			children = (
				4045A7941ABCA5CE000A02BB /* Base */,
			);
			name = LaunchScreen.xib;
			sourceTree = "<group>";
		};
/* End PBXVariantGroup section */

/* Begin XCBuildConfiguration section */
		4045A7A21ABCA5CE000A02BB /* Debug */ = {
			isa = XCBuildConfiguration;
			buildSettings = {
				ALWAYS_SEARCH_USER_PATHS = NO;
				CLANG_CXX_LANGUAGE_STANDARD = "gnu++0x";
				CLANG_CXX_LIBRARY = "libc++";
				CLANG_ENABLE_MODULES = YES;
				CLANG_ENABLE_OBJC_ARC = YES;
				CLANG_WARN_BOOL_CONVERSION = YES;
				CLANG_WARN_CONSTANT_CONVERSION = YES;
				CLANG_WARN_DIRECT_OBJC_ISA_USAGE = YES_ERROR;
				CLANG_WARN_EMPTY_BODY = YES;
				CLANG_WARN_ENUM_CONVERSION = YES;
				CLANG_WARN_INT_CONVERSION = YES;
				CLANG_WARN_OBJC_ROOT_CLASS = YES_ERROR;
				CLANG_WARN_UNREACHABLE_CODE = YES;
				CLANG_WARN__DUPLICATE_METHOD_MATCH = YES;
				"CODE_SIGN_IDENTITY[sdk=iphoneos*]" = "iPhone Developer";
				COPY_PHASE_STRIP = NO;
				ENABLE_STRICT_OBJC_MSGSEND = YES;
				GCC_C_LANGUAGE_STANDARD = gnu99;
				GCC_DYNAMIC_NO_PIC = NO;
				GCC_OPTIMIZATION_LEVEL = 0;
				GCC_PREPROCESSOR_DEFINITIONS = (
					"DEBUG=1",
					"$(inherited)",
				);
				GCC_SYMBOLS_PRIVATE_EXTERN = NO;
				GCC_WARN_64_TO_32_BIT_CONVERSION = YES;
				GCC_WARN_ABOUT_RETURN_TYPE = YES_ERROR;
				GCC_WARN_UNDECLARED_SELECTOR = YES;
				GCC_WARN_UNINITIALIZED_AUTOS = YES_AGGRESSIVE;
				GCC_WARN_UNUSED_FUNCTION = YES;
				GCC_WARN_UNUSED_VARIABLE = YES;
				IPHONEOS_DEPLOYMENT_TARGET = 8.2;
				MTL_ENABLE_DEBUG_INFO = YES;
				ONLY_ACTIVE_ARCH = YES;
				SDKROOT = iphoneos;
				SWIFT_OPTIMIZATION_LEVEL = "-Onone";
			};
			name = Debug;
		};
		4045A7A31ABCA5CE000A02BB /* Release */ = {
			isa = XCBuildConfiguration;
			buildSettings = {
				ALWAYS_SEARCH_USER_PATHS = NO;
				CLANG_CXX_LANGUAGE_STANDARD = "gnu++0x";
				CLANG_CXX_LIBRARY = "libc++";
				CLANG_ENABLE_MODULES = YES;
				CLANG_ENABLE_OBJC_ARC = YES;
				CLANG_WARN_BOOL_CONVERSION = YES;
				CLANG_WARN_CONSTANT_CONVERSION = YES;
				CLANG_WARN_DIRECT_OBJC_ISA_USAGE = YES_ERROR;
				CLANG_WARN_EMPTY_BODY = YES;
				CLANG_WARN_ENUM_CONVERSION = YES;
				CLANG_WARN_INT_CONVERSION = YES;
				CLANG_WARN_OBJC_ROOT_CLASS = YES_ERROR;
				CLANG_WARN_UNREACHABLE_CODE = YES;
				CLANG_WARN__DUPLICATE_METHOD_MATCH = YES;
				"CODE_SIGN_IDENTITY[sdk=iphoneos*]" = "iPhone Developer";
				COPY_PHASE_STRIP = NO;
				ENABLE_NS_ASSERTIONS = NO;
				ENABLE_STRICT_OBJC_MSGSEND = YES;
				GCC_C_LANGUAGE_STANDARD = gnu99;
				GCC_WARN_64_TO_32_BIT_CONVERSION = YES;
				GCC_WARN_ABOUT_RETURN_TYPE = YES_ERROR;
				GCC_WARN_UNDECLARED_SELECTOR = YES;
				GCC_WARN_UNINITIALIZED_AUTOS = YES_AGGRESSIVE;
				GCC_WARN_UNUSED_FUNCTION = YES;
				GCC_WARN_UNUSED_VARIABLE = YES;
				IPHONEOS_DEPLOYMENT_TARGET = 8.2;
				MTL_ENABLE_DEBUG_INFO = NO;
				SDKROOT = iphoneos;
				VALIDATE_PRODUCT = YES;
			};
			name = Release;
		};
		4045A7A51ABCA5CE000A02BB /* Debug */ = {
			isa = XCBuildConfiguration;
			buildSettings = {
				ASSETCATALOG_COMPILER_APPICON_NAME = AppIcon;
				INFOPLIST_FILE = "UTA-Park/Info.plist";
				LD_RUNPATH_SEARCH_PATHS = "$(inherited) @executable_path/Frameworks";
				PRODUCT_NAME = "$(TARGET_NAME)";
			};
			name = Debug;
		};
		4045A7A61ABCA5CE000A02BB /* Release */ = {
			isa = XCBuildConfiguration;
			buildSettings = {
				ASSETCATALOG_COMPILER_APPICON_NAME = AppIcon;
				INFOPLIST_FILE = "UTA-Park/Info.plist";
				LD_RUNPATH_SEARCH_PATHS = "$(inherited) @executable_path/Frameworks";
				PRODUCT_NAME = "$(TARGET_NAME)";
			};
			name = Release;
		};
		4045A7A81ABCA5CE000A02BB /* Debug */ = {
			isa = XCBuildConfiguration;
			buildSettings = {
				BUNDLE_LOADER = "$(TEST_HOST)";
				FRAMEWORK_SEARCH_PATHS = (
					"$(SDKROOT)/Developer/Library/Frameworks",
					"$(inherited)",
				);
				GCC_PREPROCESSOR_DEFINITIONS = (
					"DEBUG=1",
					"$(inherited)",
				);
				INFOPLIST_FILE = "UTA-ParkTests/Info.plist";
				LD_RUNPATH_SEARCH_PATHS = "$(inherited) @executable_path/Frameworks @loader_path/Frameworks";
				PRODUCT_NAME = "$(TARGET_NAME)";
				TEST_HOST = "$(BUILT_PRODUCTS_DIR)/UTA-Park.app/UTA-Park";
			};
			name = Debug;
		};
		4045A7A91ABCA5CE000A02BB /* Release */ = {
			isa = XCBuildConfiguration;
			buildSettings = {
				BUNDLE_LOADER = "$(TEST_HOST)";
				FRAMEWORK_SEARCH_PATHS = (
					"$(SDKROOT)/Developer/Library/Frameworks",
					"$(inherited)",
				);
				INFOPLIST_FILE = "UTA-ParkTests/Info.plist";
				LD_RUNPATH_SEARCH_PATHS = "$(inherited) @executable_path/Frameworks @loader_path/Frameworks";
				PRODUCT_NAME = "$(TARGET_NAME)";
				TEST_HOST = "$(BUILT_PRODUCTS_DIR)/UTA-Park.app/UTA-Park";
			};
			name = Release;
		};
/* End XCBuildConfiguration section */

/* Begin XCConfigurationList section */
		4045A77E1ABCA5CD000A02BB /* Build configuration list for PBXProject "UTA-Park" */ = {
			isa = XCConfigurationList;
			buildConfigurations = (
				4045A7A21ABCA5CE000A02BB /* Debug */,
				4045A7A31ABCA5CE000A02BB /* Release */,
			);
			defaultConfigurationIsVisible = 0;
			defaultConfigurationName = Release;
		};
		4045A7A41ABCA5CE000A02BB /* Build configuration list for PBXNativeTarget "UTA-Park" */ = {
			isa = XCConfigurationList;
			buildConfigurations = (
				4045A7A51ABCA5CE000A02BB /* Debug */,
				4045A7A61ABCA5CE000A02BB /* Release */,
			);
			defaultConfigurationIsVisible = 0;
		};
		4045A7A71ABCA5CE000A02BB /* Build configuration list for PBXNativeTarget "UTA-ParkTests" */ = {
			isa = XCConfigurationList;
			buildConfigurations = (
				4045A7A81ABCA5CE000A02BB /* Debug */,
				4045A7A91ABCA5CE000A02BB /* Release */,
			);
			defaultConfigurationIsVisible = 0;
		};
/* End XCConfigurationList section */
	};
	rootObject = 4045A77B1ABCA5CD000A02BB /* Project object */;
}
